// !$*UTF8*$!
{
	archiveVersion = 1;
	classes = {
	};
	objectVersion = 50;
	objects = {

/* Begin PBXBuildFile section */
		0869FBAC22F9278F0034494F /* HSWriteExifImage.h in Headers */ = {isa = PBXBuildFile; fileRef = 0869FBAA22F9278F0034494F /* HSWriteExifImage.h */; settings = {ATTRIBUTES = (Public, ); }; };
		0869FBB322F9279D0034494F /* Exif.swift in Sources */ = {isa = PBXBuildFile; fileRef = 0869FBB222F9279D0034494F /* Exif.swift */; };
		0869FBBB22F92FFA0034494F /* AppDelegate.swift in Sources */ = {isa = PBXBuildFile; fileRef = 0869FBBA22F92FFA0034494F /* AppDelegate.swift */; };
		0869FBBD22F92FFA0034494F /* ViewController.swift in Sources */ = {isa = PBXBuildFile; fileRef = 0869FBBC22F92FFA0034494F /* ViewController.swift */; };
		0869FBC022F92FFA0034494F /* Main.storyboard in Resources */ = {isa = PBXBuildFile; fileRef = 0869FBBE22F92FFA0034494F /* Main.storyboard */; };
		0869FBC222F92FFC0034494F /* Assets.xcassets in Resources */ = {isa = PBXBuildFile; fileRef = 0869FBC122F92FFC0034494F /* Assets.xcassets */; };
		0869FBC522F92FFC0034494F /* LaunchScreen.storyboard in Resources */ = {isa = PBXBuildFile; fileRef = 0869FBC322F92FFC0034494F /* LaunchScreen.storyboard */; };
		0869FBCC22F9336E0034494F /* HSWriteExifImage.framework in Frameworks */ = {isa = PBXBuildFile; fileRef = 0869FBA722F9278F0034494F /* HSWriteExifImage.framework */; };
		0869FBCD22F9336E0034494F /* HSWriteExifImage.framework in Embed Frameworks */ = {isa = PBXBuildFile; fileRef = 0869FBA722F9278F0034494F /* HSWriteExifImage.framework */; settings = {ATTRIBUTES = (CodeSignOnCopy, RemoveHeadersOnCopy, ); }; };
		0869FBD222F95BE60034494F /* IMG_0855.HEIC in Resources */ = {isa = PBXBuildFile; fileRef = 0869FBD122F95BE60034494F /* IMG_0855.HEIC */; };
/* End PBXBuildFile section */

/* Begin PBXContainerItemProxy section */
		0869FBCE22F9336E0034494F /* PBXContainerItemProxy */ = {
			isa = PBXContainerItemProxy;
			containerPortal = 0869FB9E22F9278F0034494F /* Project object */;
			proxyType = 1;
			remoteGlobalIDString = 0869FBA622F9278F0034494F;
			remoteInfo = HSWriteExifImage;
		};
/* End PBXContainerItemProxy section */

/* Begin PBXCopyFilesBuildPhase section */
		0869FBD022F9336E0034494F /* Embed Frameworks */ = {
			isa = PBXCopyFilesBuildPhase;
			buildActionMask = 2147483647;
			dstPath = "";
			dstSubfolderSpec = 10;
			files = (
				0869FBCD22F9336E0034494F /* HSWriteExifImage.framework in Embed Frameworks */,
			);
			name = "Embed Frameworks";
			runOnlyForDeploymentPostprocessing = 0;
		};
/* End PBXCopyFilesBuildPhase section */

/* Begin PBXFileReference section */
		0869FBA722F9278F0034494F /* HSWriteExifImage.framework */ = {isa = PBXFileReference; explicitFileType = wrapper.framework; includeInIndex = 0; path = HSWriteExifImage.framework; sourceTree = BUILT_PRODUCTS_DIR; };
		0869FBAA22F9278F0034494F /* HSWriteExifImage.h */ = {isa = PBXFileReference; lastKnownFileType = sourcecode.c.h; path = HSWriteExifImage.h; sourceTree = "<group>"; };
		0869FBAB22F9278F0034494F /* Info.plist */ = {isa = PBXFileReference; lastKnownFileType = text.plist.xml; path = Info.plist; sourceTree = "<group>"; };
		0869FBB222F9279D0034494F /* Exif.swift */ = {isa = PBXFileReference; lastKnownFileType = sourcecode.swift; path = Exif.swift; sourceTree = "<group>"; };
		0869FBB822F92FFA0034494F /* Sampler.app */ = {isa = PBXFileReference; explicitFileType = wrapper.application; includeInIndex = 0; path = Sampler.app; sourceTree = BUILT_PRODUCTS_DIR; };
		0869FBBA22F92FFA0034494F /* AppDelegate.swift */ = {isa = PBXFileReference; lastKnownFileType = sourcecode.swift; path = AppDelegate.swift; sourceTree = "<group>"; };
		0869FBBC22F92FFA0034494F /* ViewController.swift */ = {isa = PBXFileReference; lastKnownFileType = sourcecode.swift; path = ViewController.swift; sourceTree = "<group>"; };
		0869FBBF22F92FFA0034494F /* Base */ = {isa = PBXFileReference; lastKnownFileType = file.storyboard; name = Base; path = Base.lproj/Main.storyboard; sourceTree = "<group>"; };
		0869FBC122F92FFC0034494F /* Assets.xcassets */ = {isa = PBXFileReference; lastKnownFileType = folder.assetcatalog; path = Assets.xcassets; sourceTree = "<group>"; };
		0869FBC422F92FFC0034494F /* Base */ = {isa = PBXFileReference; lastKnownFileType = file.storyboard; name = Base; path = Base.lproj/LaunchScreen.storyboard; sourceTree = "<group>"; };
		0869FBC622F92FFC0034494F /* Info.plist */ = {isa = PBXFileReference; lastKnownFileType = text.plist.xml; path = Info.plist; sourceTree = "<group>"; };
		0869FBD122F95BE60034494F /* IMG_0855.HEIC */ = {isa = PBXFileReference; lastKnownFileType = file; path = IMG_0855.HEIC; sourceTree = "<group>"; };
/* End PBXFileReference section */

/* Begin PBXFrameworksBuildPhase section */
		0869FBA422F9278F0034494F /* Frameworks */ = {
			isa = PBXFrameworksBuildPhase;
			buildActionMask = 2147483647;
			files = (
			);
			runOnlyForDeploymentPostprocessing = 0;
		};
		0869FBB522F92FFA0034494F /* Frameworks */ = {
			isa = PBXFrameworksBuildPhase;
			buildActionMask = 2147483647;
			files = (
				0869FBCC22F9336E0034494F /* HSWriteExifImage.framework in Frameworks */,
			);
			runOnlyForDeploymentPostprocessing = 0;
		};
/* End PBXFrameworksBuildPhase section */

/* Begin PBXGroup section */
		0869FB9D22F9278F0034494F = {
			isa = PBXGroup;
			children = (
				0869FBA922F9278F0034494F /* HSWriteExifImage */,
				0869FBB922F92FFA0034494F /* Sampler */,
				0869FBA822F9278F0034494F /* Products */,
				0869FBCA22F933680034494F /* Frameworks */,
			);
			sourceTree = "<group>";
		};
		0869FBA822F9278F0034494F /* Products */ = {
			isa = PBXGroup;
			children = (
				0869FBA722F9278F0034494F /* HSWriteExifImage.framework */,
				0869FBB822F92FFA0034494F /* Sampler.app */,
			);
			name = Products;
			sourceTree = "<group>";
		};
		0869FBA922F9278F0034494F /* HSWriteExifImage */ = {
			isa = PBXGroup;
			children = (
				0869FBAA22F9278F0034494F /* HSWriteExifImage.h */,
				0869FBAB22F9278F0034494F /* Info.plist */,
				0869FBB222F9279D0034494F /* Exif.swift */,
			);
			path = HSWriteExifImage;
			sourceTree = "<group>";
		};
		0869FBB922F92FFA0034494F /* Sampler */ = {
			isa = PBXGroup;
			children = (
				0869FBD122F95BE60034494F /* IMG_0855.HEIC */,
				0869FBBA22F92FFA0034494F /* AppDelegate.swift */,
				0869FBBC22F92FFA0034494F /* ViewController.swift */,
				0869FBBE22F92FFA0034494F /* Main.storyboard */,
				0869FBC122F92FFC0034494F /* Assets.xcassets */,
				0869FBC322F92FFC0034494F /* LaunchScreen.storyboard */,
				0869FBC622F92FFC0034494F /* Info.plist */,
			);
			path = Sampler;
			sourceTree = "<group>";
		};
		0869FBCA22F933680034494F /* Frameworks */ = {
			isa = PBXGroup;
			children = (
			);
			name = Frameworks;
			sourceTree = "<group>";
		};
/* End PBXGroup section */

/* Begin PBXHeadersBuildPhase section */
		0869FBA222F9278F0034494F /* Headers */ = {
			isa = PBXHeadersBuildPhase;
			buildActionMask = 2147483647;
			files = (
				0869FBAC22F9278F0034494F /* HSWriteExifImage.h in Headers */,
			);
			runOnlyForDeploymentPostprocessing = 0;
		};
/* End PBXHeadersBuildPhase section */

/* Begin PBXNativeTarget section */
		0869FBA622F9278F0034494F /* HSWriteExifImage */ = {
			isa = PBXNativeTarget;
			buildConfigurationList = 0869FBAF22F9278F0034494F /* Build configuration list for PBXNativeTarget "HSWriteExifImage" */;
			buildPhases = (
				0869FBA222F9278F0034494F /* Headers */,
				0869FBA322F9278F0034494F /* Sources */,
				0869FBA422F9278F0034494F /* Frameworks */,
				0869FBA522F9278F0034494F /* Resources */,
			);
			buildRules = (
			);
			dependencies = (
			);
			name = HSWriteExifImage;
			productName = HSWriteExifImage;
			productReference = 0869FBA722F9278F0034494F /* HSWriteExifImage.framework */;
			productType = "com.apple.product-type.framework";
		};
		0869FBB722F92FFA0034494F /* Sampler */ = {
			isa = PBXNativeTarget;
			buildConfigurationList = 0869FBC722F92FFC0034494F /* Build configuration list for PBXNativeTarget "Sampler" */;
			buildPhases = (
				0869FBB422F92FFA0034494F /* Sources */,
				0869FBB522F92FFA0034494F /* Frameworks */,
				0869FBB622F92FFA0034494F /* Resources */,
				0869FBD022F9336E0034494F /* Embed Frameworks */,
			);
			buildRules = (
			);
			dependencies = (
				0869FBCF22F9336E0034494F /* PBXTargetDependency */,
			);
			name = Sampler;
			productName = Sampler;
			productReference = 0869FBB822F92FFA0034494F /* Sampler.app */;
			productType = "com.apple.product-type.application";
		};
/* End PBXNativeTarget section */

/* Begin PBXProject section */
		0869FB9E22F9278F0034494F /* Project object */ = {
			isa = PBXProject;
			attributes = {
				LastSwiftUpdateCheck = 1020;
				LastUpgradeCheck = 1020;
				ORGANIZATIONNAME = onelcat;
				TargetAttributes = {
					0869FBA622F9278F0034494F = {
						CreatedOnToolsVersion = 10.2;
						LastSwiftMigration = 1020;
					};
					0869FBB722F92FFA0034494F = {
						CreatedOnToolsVersion = 10.2;
					};
				};
			};
			buildConfigurationList = 0869FBA122F9278F0034494F /* Build configuration list for PBXProject "HSWriteExifImage" */;
			compatibilityVersion = "Xcode 9.3";
			developmentRegion = en;
			hasScannedForEncodings = 0;
			knownRegions = (
				en,
				Base,
			);
			mainGroup = 0869FB9D22F9278F0034494F;
			productRefGroup = 0869FBA822F9278F0034494F /* Products */;
			projectDirPath = "";
			projectRoot = "";
			targets = (
				0869FBA622F9278F0034494F /* HSWriteExifImage */,
				0869FBB722F92FFA0034494F /* Sampler */,
			);
		};
/* End PBXProject section */

/* Begin PBXResourcesBuildPhase section */
		0869FBA522F9278F0034494F /* Resources */ = {
			isa = PBXResourcesBuildPhase;
			buildActionMask = 2147483647;
			files = (
			);
			runOnlyForDeploymentPostprocessing = 0;
		};
		0869FBB622F92FFA0034494F /* Resources */ = {
			isa = PBXResourcesBuildPhase;
			buildActionMask = 2147483647;
			files = (
				0869FBC522F92FFC0034494F /* LaunchScreen.storyboard in Resources */,
				0869FBC222F92FFC0034494F /* Assets.xcassets in Resources */,
				0869FBD222F95BE60034494F /* IMG_0855.HEIC in Resources */,
				0869FBC022F92FFA0034494F /* Main.storyboard in Resources */,
			);
			runOnlyForDeploymentPostprocessing = 0;
		};
/* End PBXResourcesBuildPhase section */

/* Begin PBXSourcesBuildPhase section */
		0869FBA322F9278F0034494F /* Sources */ = {
			isa = PBXSourcesBuildPhase;
			buildActionMask = 2147483647;
			files = (
				0869FBB322F9279D0034494F /* Exif.swift in Sources */,
			);
			runOnlyForDeploymentPostprocessing = 0;
		};
		0869FBB422F92FFA0034494F /* Sources */ = {
			isa = PBXSourcesBuildPhase;
			buildActionMask = 2147483647;
			files = (
				0869FBBD22F92FFA0034494F /* ViewController.swift in Sources */,
				0869FBBB22F92FFA0034494F /* AppDelegate.swift in Sources */,
			);
			runOnlyForDeploymentPostprocessing = 0;
		};
/* End PBXSourcesBuildPhase section */

/* Begin PBXTargetDependency section */
		0869FBCF22F9336E0034494F /* PBXTargetDependency */ = {
			isa = PBXTargetDependency;
			target = 0869FBA622F9278F0034494F /* HSWriteExifImage */;
			targetProxy = 0869FBCE22F9336E0034494F /* PBXContainerItemProxy */;
		};
/* End PBXTargetDependency section */

/* Begin PBXVariantGroup section */
		0869FBBE22F92FFA0034494F /* Main.storyboard */ = {
			isa = PBXVariantGroup;
			children = (
				0869FBBF22F92FFA0034494F /* Base */,
			);
			name = Main.storyboard;
			sourceTree = "<group>";
		};
		0869FBC322F92FFC0034494F /* LaunchScreen.storyboard */ = {
			isa = PBXVariantGroup;
			children = (
				0869FBC422F92FFC0034494F /* Base */,
			);
			name = LaunchScreen.storyboard;
			sourceTree = "<group>";
		};
/* End PBXVariantGroup section */

/* Begin XCBuildConfiguration section */
		0869FBAD22F9278F0034494F /* Debug */ = {
			isa = XCBuildConfiguration;
			buildSettings = {
				ALWAYS_SEARCH_USER_PATHS = NO;
				CLANG_ANALYZER_NONNULL = YES;
				CLANG_ANALYZER_NUMBER_OBJECT_CONVERSION = YES_AGGRESSIVE;
				CLANG_CXX_LANGUAGE_STANDARD = "gnu++14";
				CLANG_CXX_LIBRARY = "libc++";
				CLANG_ENABLE_MODULES = YES;
				CLANG_ENABLE_OBJC_ARC = YES;
				CLANG_ENABLE_OBJC_WEAK = YES;
				CLANG_WARN_BLOCK_CAPTURE_AUTORELEASING = YES;
				CLANG_WARN_BOOL_CONVERSION = YES;
				CLANG_WARN_COMMA = YES;
				CLANG_WARN_CONSTANT_CONVERSION = YES;
				CLANG_WARN_DEPRECATED_OBJC_IMPLEMENTATIONS = YES;
				CLANG_WARN_DIRECT_OBJC_ISA_USAGE = YES_ERROR;
				CLANG_WARN_DOCUMENTATION_COMMENTS = YES;
				CLANG_WARN_EMPTY_BODY = YES;
				CLANG_WARN_ENUM_CONVERSION = YES;
				CLANG_WARN_INFINITE_RECURSION = YES;
				CLANG_WARN_INT_CONVERSION = YES;
				CLANG_WARN_NON_LITERAL_NULL_CONVERSION = YES;
				CLANG_WARN_OBJC_IMPLICIT_RETAIN_SELF = YES;
				CLANG_WARN_OBJC_LITERAL_CONVERSION = YES;
				CLANG_WARN_OBJC_ROOT_CLASS = YES_ERROR;
				CLANG_WARN_RANGE_LOOP_ANALYSIS = YES;
				CLANG_WARN_STRICT_PROTOTYPES = YES;
				CLANG_WARN_SUSPICIOUS_MOVE = YES;
				CLANG_WARN_UNGUARDED_AVAILABILITY = YES_AGGRESSIVE;
				CLANG_WARN_UNREACHABLE_CODE = YES;
				CLANG_WARN__DUPLICATE_METHOD_MATCH = YES;
				CODE_SIGN_IDENTITY = "iPhone Developer";
				COPY_PHASE_STRIP = NO;
				CURRENT_PROJECT_VERSION = 1;
				DEBUG_INFORMATION_FORMAT = dwarf;
				ENABLE_STRICT_OBJC_MSGSEND = YES;
				ENABLE_TESTABILITY = YES;
				GCC_C_LANGUAGE_STANDARD = gnu11;
				GCC_DYNAMIC_NO_PIC = NO;
				GCC_NO_COMMON_BLOCKS = YES;
				GCC_OPTIMIZATION_LEVEL = 0;
				GCC_PREPROCESSOR_DEFINITIONS = (
					"DEBUG=1",
					"$(inherited)",
				);
				GCC_WARN_64_TO_32_BIT_CONVERSION = YES;
				GCC_WARN_ABOUT_RETURN_TYPE = YES_ERROR;
				GCC_WARN_UNDECLARED_SELECTOR = YES;
				GCC_WARN_UNINITIALIZED_AUTOS = YES_AGGRESSIVE;
				GCC_WARN_UNUSED_FUNCTION = YES;
				GCC_WARN_UNUSED_VARIABLE = YES;
				IPHONEOS_DEPLOYMENT_TARGET = 12.2;
				MTL_ENABLE_DEBUG_INFO = INCLUDE_SOURCE;
				MTL_FAST_MATH = YES;
				ONLY_ACTIVE_ARCH = YES;
				SDKROOT = iphoneos;
				SWIFT_ACTIVE_COMPILATION_CONDITIONS = DEBUG;
				SWIFT_OPTIMIZATION_LEVEL = "-Onone";
				VERSIONING_SYSTEM = "apple-generic";
				VERSION_INFO_PREFIX = "";
			};
			name = Debug;
		};
		0869FBAE22F9278F0034494F /* Release */ = {
			isa = XCBuildConfiguration;
			buildSettings = {
				ALWAYS_SEARCH_USER_PATHS = NO;
				CLANG_ANALYZER_NONNULL = YES;
				CLANG_ANALYZER_NUMBER_OBJECT_CONVERSION = YES_AGGRESSIVE;
				CLANG_CXX_LANGUAGE_STANDARD = "gnu++14";
				CLANG_CXX_LIBRARY = "libc++";
				CLANG_ENABLE_MODULES = YES;
				CLANG_ENABLE_OBJC_ARC = YES;
				CLANG_ENABLE_OBJC_WEAK = YES;
				CLANG_WARN_BLOCK_CAPTURE_AUTORELEASING = YES;
				CLANG_WARN_BOOL_CONVERSION = YES;
				CLANG_WARN_COMMA = YES;
				CLANG_WARN_CONSTANT_CONVERSION = YES;
				CLANG_WARN_DEPRECATED_OBJC_IMPLEMENTATIONS = YES;
				CLANG_WARN_DIRECT_OBJC_ISA_USAGE = YES_ERROR;
				CLANG_WARN_DOCUMENTATION_COMMENTS = YES;
				CLANG_WARN_EMPTY_BODY = YES;
				CLANG_WARN_ENUM_CONVERSION = YES;
				CLANG_WARN_INFINITE_RECURSION = YES;
				CLANG_WARN_INT_CONVERSION = YES;
				CLANG_WARN_NON_LITERAL_NULL_CONVERSION = YES;
				CLANG_WARN_OBJC_IMPLICIT_RETAIN_SELF = YES;
				CLANG_WARN_OBJC_LITERAL_CONVERSION = YES;
				CLANG_WARN_OBJC_ROOT_CLASS = YES_ERROR;
				CLANG_WARN_RANGE_LOOP_ANALYSIS = YES;
				CLANG_WARN_STRICT_PROTOTYPES = YES;
				CLANG_WARN_SUSPICIOUS_MOVE = YES;
				CLANG_WARN_UNGUARDED_AVAILABILITY = YES_AGGRESSIVE;
				CLANG_WARN_UNREACHABLE_CODE = YES;
				CLANG_WARN__DUPLICATE_METHOD_MATCH = YES;
				CODE_SIGN_IDENTITY = "iPhone Developer";
				COPY_PHASE_STRIP = NO;
				CURRENT_PROJECT_VERSION = 1;
				DEBUG_INFORMATION_FORMAT = "dwarf-with-dsym";
				ENABLE_NS_ASSERTIONS = NO;
				ENABLE_STRICT_OBJC_MSGSEND = YES;
				GCC_C_LANGUAGE_STANDARD = gnu11;
				GCC_NO_COMMON_BLOCKS = YES;
				GCC_WARN_64_TO_32_BIT_CONVERSION = YES;
				GCC_WARN_ABOUT_RETURN_TYPE = YES_ERROR;
				GCC_WARN_UNDECLARED_SELECTOR = YES;
				GCC_WARN_UNINITIALIZED_AUTOS = YES_AGGRESSIVE;
				GCC_WARN_UNUSED_FUNCTION = YES;
				GCC_WARN_UNUSED_VARIABLE = YES;
				IPHONEOS_DEPLOYMENT_TARGET = 12.2;
				MTL_ENABLE_DEBUG_INFO = NO;
				MTL_FAST_MATH = YES;
				SDKROOT = iphoneos;
				SWIFT_COMPILATION_MODE = wholemodule;
				SWIFT_OPTIMIZATION_LEVEL = "-O";
				VALIDATE_PRODUCT = YES;
				VERSIONING_SYSTEM = "apple-generic";
				VERSION_INFO_PREFIX = "";
			};
			name = Release;
		};
		0869FBB022F9278F0034494F /* Debug */ = {
			isa = XCBuildConfiguration;
			buildSettings = {
				CLANG_ENABLE_MODULES = YES;
				CODE_SIGN_IDENTITY = "";
				CODE_SIGN_STYLE = Automatic;
				DEFINES_MODULE = YES;
				DEVELOPMENT_TEAM = X3UY5TBH2C;
				DYLIB_COMPATIBILITY_VERSION = 1;
				DYLIB_CURRENT_VERSION = 1;
				DYLIB_INSTALL_NAME_BASE = "@rpath";
				INFOPLIST_FILE = HSWriteExifImage/Info.plist;
				INSTALL_PATH = "$(LOCAL_LIBRARY_DIR)/Frameworks";
				IPHONEOS_DEPLOYMENT_TARGET = 9.0;
				LD_RUNPATH_SEARCH_PATHS = (
					"$(inherited)",
					"@executable_path/Frameworks",
					"@loader_path/Frameworks",
				);
				PRODUCT_BUNDLE_IDENTIFIER = onelcat.github.io.HSWriteExifImage;
				PRODUCT_NAME = "$(TARGET_NAME:c99extidentifier)";
				SKIP_INSTALL = YES;
				SWIFT_OPTIMIZATION_LEVEL = "-Onone";
				SWIFT_VERSION = 5.0;
				TARGETED_DEVICE_FAMILY = "1,2";
			};
			name = Debug;
		};
		0869FBB122F9278F0034494F /* Release */ = {
			isa = XCBuildConfiguration;
			buildSettings = {
				CLANG_ENABLE_MODULES = YES;
				CODE_SIGN_IDENTITY = "";
				CODE_SIGN_STYLE = Automatic;
				DEFINES_MODULE = YES;
				DEVELOPMENT_TEAM = X3UY5TBH2C;
				DYLIB_COMPATIBILITY_VERSION = 1;
				DYLIB_CURRENT_VERSION = 1;
				DYLIB_INSTALL_NAME_BASE = "@rpath";
				INFOPLIST_FILE = HSWriteExifImage/Info.plist;
				INSTALL_PATH = "$(LOCAL_LIBRARY_DIR)/Frameworks";
				IPHONEOS_DEPLOYMENT_TARGET = 9.0;
				LD_RUNPATH_SEARCH_PATHS = (
					"$(inherited)",
					"@executable_path/Frameworks",
					"@loader_path/Frameworks",
				);
				PRODUCT_BUNDLE_IDENTIFIER = onelcat.github.io.HSWriteExifImage;
				PRODUCT_NAME = "$(TARGET_NAME:c99extidentifier)";
				SKIP_INSTALL = YES;
				SWIFT_VERSION = 5.0;
				TARGETED_DEVICE_FAMILY = "1,2";
			};
			name = Release;
		};
		0869FBC822F92FFC0034494F /* Debug */ = {
			isa = XCBuildConfiguration;
			buildSettings = {
				ALWAYS_EMBED_SWIFT_STANDARD_LIBRARIES = YES;
				ASSETCATALOG_COMPILER_APPICON_NAME = AppIcon;
				CODE_SIGN_STYLE = Automatic;
				DEVELOPMENT_TEAM = X3UY5TBH2C;
				INFOPLIST_FILE = Sampler/Info.plist;
				IPHONEOS_DEPLOYMENT_TARGET = 11.0;
				LD_RUNPATH_SEARCH_PATHS = (
					"$(inherited)",
					"@executable_path/Frameworks",
				);
				PRODUCT_BUNDLE_IDENTIFIER = onelcat.github.io.Sampler;
				PRODUCT_NAME = "$(TARGET_NAME)";
				SWIFT_VERSION = 5.0;
				TARGETED_DEVICE_FAMILY = "1,2";
			};
			name = Debug;
		};
		0869FBC922F92FFC0034494F /* Release */ = {
			isa = XCBuildConfiguration;
			buildSettings = {
				ALWAYS_EMBED_SWIFT_STANDARD_LIBRARIES = YES;
				ASSETCATALOG_COMPILER_APPICON_NAME = AppIcon;
				CODE_SIGN_STYLE = Automatic;
				DEVELOPMENT_TEAM = X3UY5TBH2C;
				INFOPLIST_FILE = Sampler/Info.plist;
				IPHONEOS_DEPLOYMENT_TARGET = 11.0;
				LD_RUNPATH_SEARCH_PATHS = (
					"$(inherited)",
					"@executable_path/Frameworks",
				);
				PRODUCT_BUNDLE_IDENTIFIER = onelcat.github.io.Sampler;
				PRODUCT_NAME = "$(TARGET_NAME)";
				SWIFT_VERSION = 5.0;
				TARGETED_DEVICE_FAMILY = "1,2";
			};
			name = Release;
		};
/* End XCBuildConfiguration section */

/* Begin XCConfigurationList section */
		0869FBA122F9278F0034494F /* Build configuration list for PBXProject "HSWriteExifImage" */ = {
			isa = XCConfigurationList;
			buildConfigurations = (
				0869FBAD22F9278F0034494F /* Debug */,
				0869FBAE22F9278F0034494F /* Release */,
			);
			defaultConfigurationIsVisible = 0;
			defaultConfigurationName = Release;
		};
		0869FBAF22F9278F0034494F /* Build configuration list for PBXNativeTarget "HSWriteExifImage" */ = {
			isa = XCConfigurationList;
			buildConfigurations = (
				0869FBB022F9278F0034494F /* Debug */,
				0869FBB122F9278F0034494F /* Release */,
			);
			defaultConfigurationIsVisible = 0;
			defaultConfigurationName = Release;
		};
		0869FBC722F92FFC0034494F /* Build configuration list for PBXNativeTarget "Sampler" */ = {
			isa = XCConfigurationList;
			buildConfigurations = (
				0869FBC822F92FFC0034494F /* Debug */,
				0869FBC922F92FFC0034494F /* Release */,
			);
			defaultConfigurationIsVisible = 0;
			defaultConfigurationName = Release;
		};
/* End XCConfigurationList section */
	};
	rootObject = 0869FB9E22F9278F0034494F /* Project object */;
}
